
Microsoft Visual Studio Solution File, Format Version 11.00
# Visual Studio 2010
Project("{8BC9CEB8-8B4A-11D0-8D11-00A0C91BC942}") = "notepad", "notepad\notepad.vcxproj", "{DD198991-6CF0-4373-9A1A-E64C86E15A72}"
EndProject
Global
	GlobalSection(SolutionConfigurationPlatforms) = preSolution
		Debug|Win32 = Debug|Win32
		Release|Win32 = Release|Win32
	EndGlobalSection
	GlobalSection(ProjectConfigurationPlatforms) = postSolution
		{DD198991-6CF0-4373-9A1A-E64C86E15A72}.Debug|Win32.ActiveCfg = Debug|Win32
		{DD198991-6CF0-4373-9A1A-E64C86E15A72}.Debug|Win32.Build.0 = Debug|Win32
		{DD198991-6CF0-4373-9A1A-E64C86E15A72}.Release|Win32.ActiveCfg = Release|Win32
		{DD198991-6CF0-4373-9A1A-E64C86E15A72}.Release|Win32.Build.0 = Release|Win32
	EndGlobalSection
	GlobalSection(SolutionProperties) = preSolution
		HideSolutionNode = FALSE
	EndGlobalSection
EndGlobal
